github.com/go-on/builtin v1.3.3 h1:gFzE1G8cfW31Q3NCt8Cuqy76GvlyL1kYI7mtM1nvzxY=
github.com/go-on/builtin v1.3.3/go.mod h1:OI37wdi1UuaCrQEeqe1Czk/m88dbdTzEUqN/PcFgK2M=
github.com/go-on/cdncache v1.2.1 h1:nqg4KFhFaf9XKAFuXyeUiEyDpU1NC+K0LEFpv7Et28k=
github.com/go-on/cdncache v1.2.1/go.mod h1:KIOgk+TuKskuJXceUv/0T62vFVpoC1NZT8TPEa+GAL8=
github.com/go-on/go.uuid v0.0.0-20140819143144-a07c134f8289 h1:f2X6/ZsiRKsKpsuwVbeTGY3eSkNDOAMJM9bYwhzc31w=
github.com/go-on/go.uuid v0.0.0-20140819143144-a07c134f8289/go.mod h1:oh+a9Y3uKjQUrGQl0NeZF/mBSGqSvC8fDAYXTPONpWM=
github.com/go-on/lib v3.2.13+incompatible/go.mod h1:AK96tJrhZUKqplP1/NiU6N0Ft4zIJAEUHRndbk74eHg=
github.com/go-on/mannersagain v0.0.0-20141215130541-dea8fca0792d/go.mod h1:+1PU3X+vyDajCcTnfBAsyuBjMk9A9ctSQ+UGdLJEphA=
github.com/go-on/method v1.0.1 h1:ZM5uZxI+VsWfmzukL8RtAYngHhwOHydySi5iVX4sr2k=
github.com/go-on/method v1.0.1/go.mod h1:ivZsF6eo4tx8pX+Iy6lQRzi4VzRSexkusH6EP9vhCMg=
github.com/go-on/pq v0.0.0-20141218142246-0d009c09e638/go.mod h1:xFkcJjWiWn7p+5DKgK79fLbW5V03PuoOb3VT0XWkZu0=
github.com/go-on/router v0.0.0-20180815195830-05bdc85190af h1:MBNjpYoLaTRKshzQNH1Fxe02VbIBLJTZEf2XkqGvFLs=
github.com/go-on/router v0.0.0-20180815195830-05bdc85190af/go.mod h1:watDqSV1eK0z4mepXveoSAI8SAgi9a4+mzbZnAi5sbA=
github.com/go-on/router v2.12.3+incompatible h1:D+rCo0jJapF/d0s8IbF/8r75Bnaiatr7aeJXLDi+wm4=
github.com/go-on/router v2.12.3+incompatible/go.mod h1:HEvAvvMRgvjuKsd1SLed7sZi4aWfvtDwlms/j4VK8fg=
github.com/go-on/wrap v0.0.0-20180815192933-d1ac8ae9b5e2 h1:j/VeKjGI9sDoTxFZBEvoVPHa1UOiELJLcrg4zxwtQMo=
github.com/go-on/wrap v0.0.0-20180815192933-d1ac8ae9b5e2/go.mod h1:44iXyI9gYqkLpd1IgONysG3iTNET2A1wxkDx84ZVr6U=
github.com/go-on/wrap-contrib v2.7.1+incompatible h1:A6qs600tcFS1NdMRLzq7X369dCq/enOdN6YXwGIXsYI=
github.com/go-on/wrap-contrib v2.7.1+incompatible/go.mod h1:bWxySjFLS4TWVzrh5TZICYSYX/NC1jEY5jP0fyx0KbU=
github.com/go-on/wsi v1.3.9/go.mod h1:wM96IwcoReGB78SiYdvjbS1ntS33Dq9tQttWYpA/aJc=
github.com/metakeule/backtrace v1.3.2/go.mod h1:oYKQW/JG2nAd1ayTmtH2sfRsqwHcjSYql84XAj+byFw=
github.com/metakeule/dbwrap v0.0.0-20141218143229-6de813dcb3db/go.mod h1:bFOfNrwDJsTxZsMY9UtKfJG4Cye4EoSX2adfSbGF69U=
github.com/metakeule/fmtdate v1.1.2 h1:n9M7H9HfAqp+6OA98wXGMdcAr6omshSNVct65Bks1lQ=
github.com/metakeule/fmtdate v1.1.2/go.mod h1:2JyMFlKxeoGy1qS6obQukT0AL0Y4iNANQL8scbSdT4E=
github.com/metakeule/nil v0.0.0-20141216084250-9ae444737776 h1:ITANG5i4Ds0EtORujnW8Fg+7cv3iqqg2posIrqZcFKE=
github.com/metakeule/nil v0.0.0-20141216084250-9ae444737776/go.mod h1:9b7Je8k3ymh8icrvHF4YzTobAuK+rRluIUVvYVpsz78=
golang.org/x/sys v0.0.0-20180815093151-14742f9018cd/go.mod h1:STP8DvDyc/dI5b8T5hshtkjS+E42TnysNCUPdjciGhY=
gopkg.in/fsnotify.v1 v1.4.7/go.mod h1:Tz8NjZHkW78fSQdbUxIjBTcgA1z1m8ZHf0WmKUhAMys=
gopkg.in/go-on/builtin.v1 v1.3.3/go.mod h1:xkUeGvqV+kQsdwGxsaiA8up95A87RZmCb8BtqEUFSX8=
gopkg.in/go-on/goagain.v1 v1.0.0-20141216105804-57df1cf1051b/go.mod h1:n2O6KZR1FsF1rB7yjCDIEtF/qhkgeeqOTjT2Ioa8C9E=
gopkg.in/go-on/lib.v3 v3.2.13/go.mod h1:MrX4DngGBZGtIev8nHyCiI389rtw1s1yM2JF9n7SOS8=
gopkg.in/go-on/manners.v1 v1.0.0-20140331143616-d86c2a5e749b/go.mod h1:pKTM5dWD7uzNcegByY8TVupRHNRlWv+EfSw5v/sqAT0=
gopkg.in/go-on/pq.v2 v2.0.0-20141218142246-0d009c09e638/go.mod h1:vKOBr5pmGgiYdAZQIPWvAh+D2VLh/82PrA1gP5O4cec=
gopkg.in/go-on/router.v2 v2.12.3 h1:HD/+jFp3as98+i0WstNG7HxJSY83Vqnw+MyiN/F0Orc=
gopkg.in/go-on/router.v2 v2.12.3/go.mod h1:So/EO1+YHzXuhKmxVYYSniwMOiOmIoLFUwHR+40jB9Q=
